
Microsoft Visual Studio Solution File, Format Version 12.00
# Visual Studio Version 17
VisualStudioVersion = 17.14.36518.9 d17.14
MinimumVisualStudioVersion = 10.0.40219.1
Project("{FAE04EC0-301F-11D3-BF4B-00C04F79EFBC}") = "ExpensesTrackerApp", "ExpensesTrackerApp\ExpensesTrackerApp.csproj", "{4DD0871C-D052-4278-BA68-E34BA301D791}"
EndProject
Global
	GlobalSection(SolutionConfigurationPlatforms) = preSolution
		Debug|Any CPU = Debug|Any CPU
		Release|Any CPU = Release|Any CPU
	EndGlobalSection
	GlobalSection(ProjectConfigurationPlatforms) = postSolution
		{4DD0871C-D052-4278-BA68-E34BA301D791}.Debug|Any CPU.ActiveCfg = Debug|Any CPU
		{4DD0871C-D052-4278-BA68-E34BA301D791}.Debug|Any CPU.Build.0 = Debug|Any CPU
		{4DD0871C-D052-4278-BA68-E34BA301D791}.Release|Any CPU.ActiveCfg = Release|Any CPU
		{4DD0871C-D052-4278-BA68-E34BA301D791}.Release|Any CPU.Build.0 = Release|Any CPU
	EndGlobalSection
	GlobalSection(SolutionProperties) = preSolution
		HideSolutionNode = FALSE
	EndGlobalSection
	GlobalSection(ExtensibilityGlobals) = postSolution
		SolutionGuid = {515B2882-B734-436C-864E-4B02718E15BD}
	EndGlobalSection
EndGlobal
